// !$*UTF8*$!
{
	archiveVersion = 1;
	classes = {
	};
	objectVersion = 56;
	objects = {

/* Begin PBXBuildFile section */
		D504758129A5B4CE00906BBD /* AppDelegate.swift in Sources */ = {isa = PBXBuildFile; fileRef = D504758029A5B4CE00906BBD /* AppDelegate.swift */; };
		D504758329A5B4CE00906BBD /* SceneDelegate.swift in Sources */ = {isa = PBXBuildFile; fileRef = D504758229A5B4CE00906BBD /* SceneDelegate.swift */; };
		D504758529A5B4CE00906BBD /* WLDDTabViewController.swift in Sources */ = {isa = PBXBuildFile; fileRef = D504758429A5B4CE00906BBD /* WLDDTabViewController.swift */; };
		D504758A29A5B4D000906BBD /* Assets.xcassets in Resources */ = {isa = PBXBuildFile; fileRef = D504758929A5B4D000906BBD /* Assets.xcassets */; };
		D504759829A5B4D000906BBD /* wubbalubbadubdubTests.swift in Sources */ = {isa = PBXBuildFile; fileRef = D504759729A5B4D000906BBD /* wubbalubbadubdubTests.swift */; };
		D50475A229A5B4D000906BBD /* wubbalubbadubdubUITests.swift in Sources */ = {isa = PBXBuildFile; fileRef = D50475A129A5B4D000906BBD /* wubbalubbadubdubUITests.swift */; };
		D50475A429A5B4D000906BBD /* wubbalubbadubdubUITestsLaunchTests.swift in Sources */ = {isa = PBXBuildFile; fileRef = D50475A329A5B4D000906BBD /* wubbalubbadubdubUITestsLaunchTests.swift */; };
		D5E4186F29A5BAF50077C16C /* LaunchScreen.storyboard in Resources */ = {isa = PBXBuildFile; fileRef = D5E4186E29A5BAF50077C16C /* LaunchScreen.storyboard */; };
		D5E4187129A5BB7A0077C16C /* WLDDLocation.swift in Sources */ = {isa = PBXBuildFile; fileRef = D5E4187029A5BB7A0077C16C /* WLDDLocation.swift */; };
		D5E4187329A5BB850077C16C /* WLDDCharacter.swift in Sources */ = {isa = PBXBuildFile; fileRef = D5E4187229A5BB850077C16C /* WLDDCharacter.swift */; };
		D5E4187529A5BB8F0077C16C /* WLDDEpisode.swift in Sources */ = {isa = PBXBuildFile; fileRef = D5E4187429A5BB8F0077C16C /* WLDDEpisode.swift */; };
		D5E4187829A5BC260077C16C /* WLDDCharacterViewController.swift in Sources */ = {isa = PBXBuildFile; fileRef = D5E4187729A5BC260077C16C /* WLDDCharacterViewController.swift */; };
		D5E4187A29A5BC340077C16C /* WLDDLocationViewController.swift in Sources */ = {isa = PBXBuildFile; fileRef = D5E4187929A5BC340077C16C /* WLDDLocationViewController.swift */; };
		D5E4187C29A5BC470077C16C /* WLDDEpisodeViewController.swift in Sources */ = {isa = PBXBuildFile; fileRef = D5E4187B29A5BC470077C16C /* WLDDEpisodeViewController.swift */; };
		D5E4188429A5C8CF0077C16C /* UIImageExtensions.swift in Sources */ = {isa = PBXBuildFile; fileRef = D5E4188329A5C8CF0077C16C /* UIImageExtensions.swift */; };
		D5E4188629A5CA5B0077C16C /* WLDDService.swift in Sources */ = {isa = PBXBuildFile; fileRef = D5E4188529A5CA5B0077C16C /* WLDDService.swift */; };
		D5E4188829A5CA6F0077C16C /* WLDDRequest.swift in Sources */ = {isa = PBXBuildFile; fileRef = D5E4188729A5CA6F0077C16C /* WLDDRequest.swift */; };
		D5E4188A29A5CAEE0077C16C /* WLDDEndPoint.swift in Sources */ = {isa = PBXBuildFile; fileRef = D5E4188929A5CAEE0077C16C /* WLDDEndPoint.swift */; };
		D5E4188C29A5CD550077C16C /* WLDDOrigin.swift in Sources */ = {isa = PBXBuildFile; fileRef = D5E4188B29A5CD550077C16C /* WLDDOrigin.swift */; };
		D5E4188E29A5CDE40077C16C /* WLDDSingleLocation.swift in Sources */ = {isa = PBXBuildFile; fileRef = D5E4188D29A5CDE40077C16C /* WLDDSingleLocation.swift */; };
		D5E4189029A5CEE50077C16C /* WLDDCharacterGender.swift in Sources */ = {isa = PBXBuildFile; fileRef = D5E4188F29A5CEE50077C16C /* WLDDCharacterGender.swift */; };
		D5E4189229A5CEF40077C16C /* WLDDCharacterStatus.swift in Sources */ = {isa = PBXBuildFile; fileRef = D5E4189129A5CEF40077C16C /* WLDDCharacterStatus.swift */; };
		D5E4189629A63D540077C16C /* WLDDGetCharactersResponse.swift in Sources */ = {isa = PBXBuildFile; fileRef = D5E4189529A63D540077C16C /* WLDDGetCharactersResponse.swift */; };
		D5E4189829A641DF0077C16C /* WLDDCharacterListView.swift in Sources */ = {isa = PBXBuildFile; fileRef = D5E4189729A641DF0077C16C /* WLDDCharacterListView.swift */; };
		D5E4189A29A6434B0077C16C /* WLDDCharacterListViewViewModel.swift in Sources */ = {isa = PBXBuildFile; fileRef = D5E4189929A6434B0077C16C /* WLDDCharacterListViewViewModel.swift */; };
		D5E4189C29A6B4160077C16C /* UIViewExtensions.swift in Sources */ = {isa = PBXBuildFile; fileRef = D5E4189B29A6B4160077C16C /* UIViewExtensions.swift */; };
		D5E4189E29A6BAA60077C16C /* WLDDCharacterCollectionViewCell.swift in Sources */ = {isa = PBXBuildFile; fileRef = D5E4189D29A6BAA60077C16C /* WLDDCharacterCollectionViewCell.swift */; };
		D5E418A029A6BBB60077C16C /* WLDDCharacterCollectionViewCellViewModel.swift in Sources */ = {isa = PBXBuildFile; fileRef = D5E4189F29A6BBB60077C16C /* WLDDCharacterCollectionViewCellViewModel.swift */; };
		D5E418A329A6F68D0077C16C /* WLDDCharacterDetailViewController.swift in Sources */ = {isa = PBXBuildFile; fileRef = D5E418A229A6F68D0077C16C /* WLDDCharacterDetailViewController.swift */; };
		D5E418A529A6F6FA0077C16C /* WLDDCharacterDetailView.swift in Sources */ = {isa = PBXBuildFile; fileRef = D5E418A429A6F6FA0077C16C /* WLDDCharacterDetailView.swift */; };
		D5E418A729A6F74E0077C16C /* WLDDCharacterDetailViewModel.swift in Sources */ = {isa = PBXBuildFile; fileRef = D5E418A629A6F74E0077C16C /* WLDDCharacterDetailViewModel.swift */; };
		D5E418A929A702E40077C16C /* WLDDFooterLoadingCollectionReusableView.swift in Sources */ = {isa = PBXBuildFile; fileRef = D5E418A829A702E40077C16C /* WLDDFooterLoadingCollectionReusableView.swift */; };
		D5E418AB29A71E5B0077C16C /* WLDDImageLoader.swift in Sources */ = {isa = PBXBuildFile; fileRef = D5E418AA29A71E5B0077C16C /* WLDDImageLoader.swift */; };
		D5E418B029A787B70077C16C /* WLDDCharacterPhotoCollectionViewCell.swift in Sources */ = {isa = PBXBuildFile; fileRef = D5E418AF29A787B70077C16C /* WLDDCharacterPhotoCollectionViewCell.swift */; };
		D5E418B229A787C40077C16C /* WLDDCharacterInfoCollectionViewCell.swift in Sources */ = {isa = PBXBuildFile; fileRef = D5E418B129A787C40077C16C /* WLDDCharacterInfoCollectionViewCell.swift */; };
		D5E418B429A787D30077C16C /* WLDDCharacterEpisodesCollectionViewCell.swift in Sources */ = {isa = PBXBuildFile; fileRef = D5E418B329A787D30077C16C /* WLDDCharacterEpisodesCollectionViewCell.swift */; };
		D5E418B729A788020077C16C /* WLDDCharacterInfoCollectionViewCellViewModel.swift in Sources */ = {isa = PBXBuildFile; fileRef = D5E418B629A788020077C16C /* WLDDCharacterInfoCollectionViewCellViewModel.swift */; };
		D5E418B929A788220077C16C /* WLDDCharacterPhotoCollectionViewCellViewModel.swift in Sources */ = {isa = PBXBuildFile; fileRef = D5E418B829A788220077C16C /* WLDDCharacterPhotoCollectionViewCellViewModel.swift */; };
		D5E418BB29A788300077C16C /* WLDDCharacterEpisodesCollectionViewCellViewModel.swift in Sources */ = {isa = PBXBuildFile; fileRef = D5E418BA29A788300077C16C /* WLDDCharacterEpisodesCollectionViewCellViewModel.swift */; };
		D5E418BD29A84DB70077C16C /* WLDDEpisodeDetailViewController.swift in Sources */ = {isa = PBXBuildFile; fileRef = D5E418BC29A84DB70077C16C /* WLDDEpisodeDetailViewController.swift */; };
		D5E418BF29A84F130077C16C /* WLDDAPICacheManager.swift in Sources */ = {isa = PBXBuildFile; fileRef = D5E418BE29A84F130077C16C /* WLDDAPICacheManager.swift */; };
		D5E418C129A868DD0077C16C /* WLDDEpisodeDetailViewViewModel.swift in Sources */ = {isa = PBXBuildFile; fileRef = D5E418C029A868DD0077C16C /* WLDDEpisodeDetailViewViewModel.swift */; };
		D5E418C329A869470077C16C /* WLDDEpisodeDetailView.swift in Sources */ = {isa = PBXBuildFile; fileRef = D5E418C229A869470077C16C /* WLDDEpisodeDetailView.swift */; };
		D5E418C629A86B490077C16C /* WLDDEpisodeListView.swift in Sources */ = {isa = PBXBuildFile; fileRef = D5E418C529A86B490077C16C /* WLDDEpisodeListView.swift */; };
		D5E418C929A86B9E0077C16C /* WLDDEpisodeListViewViewModel.swift in Sources */ = {isa = PBXBuildFile; fileRef = D5E418C829A86B9E0077C16C /* WLDDEpisodeListViewViewModel.swift */; };
		D5E418CB29A872AE0077C16C /* WLDDGetAllEpisodesResponse.swift in Sources */ = {isa = PBXBuildFile; fileRef = D5E418CA29A872AE0077C16C /* WLDDGetAllEpisodesResponse.swift */; };
		D5E418CD29A897230077C16C /* WLDDSearchViewController.swift in Sources */ = {isa = PBXBuildFile; fileRef = D5E418CC29A897230077C16C /* WLDDSearchViewController.swift */; };
/* End PBXBuildFile section */

/* Begin PBXContainerItemProxy section */
		D504759429A5B4D000906BBD /* PBXContainerItemProxy */ = {
			isa = PBXContainerItemProxy;
			containerPortal = D504757529A5B4CE00906BBD /* Project object */;
			proxyType = 1;
			remoteGlobalIDString = D504757C29A5B4CE00906BBD;
			remoteInfo = wubbalubbadubdub;
		};
		D504759E29A5B4D000906BBD /* PBXContainerItemProxy */ = {
			isa = PBXContainerItemProxy;
			containerPortal = D504757529A5B4CE00906BBD /* Project object */;
			proxyType = 1;
			remoteGlobalIDString = D504757C29A5B4CE00906BBD;
			remoteInfo = wubbalubbadubdub;
		};
/* End PBXContainerItemProxy section */

/* Begin PBXFileReference section */
		D504757D29A5B4CE00906BBD /* wubbalubbadubdub.app */ = {isa = PBXFileReference; explicitFileType = wrapper.application; includeInIndex = 0; path = wubbalubbadubdub.app; sourceTree = BUILT_PRODUCTS_DIR; };
		D504758029A5B4CE00906BBD /* AppDelegate.swift */ = {isa = PBXFileReference; lastKnownFileType = sourcecode.swift; path = AppDelegate.swift; sourceTree = "<group>"; };
		D504758229A5B4CE00906BBD /* SceneDelegate.swift */ = {isa = PBXFileReference; lastKnownFileType = sourcecode.swift; path = SceneDelegate.swift; sourceTree = "<group>"; };
		D504758429A5B4CE00906BBD /* WLDDTabViewController.swift */ = {isa = PBXFileReference; lastKnownFileType = sourcecode.swift; path = WLDDTabViewController.swift; sourceTree = "<group>"; };
		D504758929A5B4D000906BBD /* Assets.xcassets */ = {isa = PBXFileReference; lastKnownFileType = folder.assetcatalog; path = Assets.xcassets; sourceTree = "<group>"; };
		D504758E29A5B4D000906BBD /* Info.plist */ = {isa = PBXFileReference; lastKnownFileType = text.plist.xml; path = Info.plist; sourceTree = "<group>"; };
		D504759329A5B4D000906BBD /* wubbalubbadubdubTests.xctest */ = {isa = PBXFileReference; explicitFileType = wrapper.cfbundle; includeInIndex = 0; path = wubbalubbadubdubTests.xctest; sourceTree = BUILT_PRODUCTS_DIR; };
		D504759729A5B4D000906BBD /* wubbalubbadubdubTests.swift */ = {isa = PBXFileReference; lastKnownFileType = sourcecode.swift; path = wubbalubbadubdubTests.swift; sourceTree = "<group>"; };
		D504759D29A5B4D000906BBD /* wubbalubbadubdubUITests.xctest */ = {isa = PBXFileReference; explicitFileType = wrapper.cfbundle; includeInIndex = 0; path = wubbalubbadubdubUITests.xctest; sourceTree = BUILT_PRODUCTS_DIR; };
		D50475A129A5B4D000906BBD /* wubbalubbadubdubUITests.swift */ = {isa = PBXFileReference; lastKnownFileType = sourcecode.swift; path = wubbalubbadubdubUITests.swift; sourceTree = "<group>"; };
		D50475A329A5B4D000906BBD /* wubbalubbadubdubUITestsLaunchTests.swift */ = {isa = PBXFileReference; lastKnownFileType = sourcecode.swift; path = wubbalubbadubdubUITestsLaunchTests.swift; sourceTree = "<group>"; };
		D5E4186E29A5BAF50077C16C /* LaunchScreen.storyboard */ = {isa = PBXFileReference; fileEncoding = 4; lastKnownFileType = file.storyboard; path = LaunchScreen.storyboard; sourceTree = "<group>"; };
		D5E4187029A5BB7A0077C16C /* WLDDLocation.swift */ = {isa = PBXFileReference; lastKnownFileType = sourcecode.swift; path = WLDDLocation.swift; sourceTree = "<group>"; };
		D5E4187229A5BB850077C16C /* WLDDCharacter.swift */ = {isa = PBXFileReference; lastKnownFileType = sourcecode.swift; path = WLDDCharacter.swift; sourceTree = "<group>"; };
		D5E4187429A5BB8F0077C16C /* WLDDEpisode.swift */ = {isa = PBXFileReference; lastKnownFileType = sourcecode.swift; path = WLDDEpisode.swift; sourceTree = "<group>"; };
		D5E4187729A5BC260077C16C /* WLDDCharacterViewController.swift */ = {isa = PBXFileReference; lastKnownFileType = sourcecode.swift; path = WLDDCharacterViewController.swift; sourceTree = "<group>"; };
		D5E4187929A5BC340077C16C /* WLDDLocationViewController.swift */ = {isa = PBXFileReference; lastKnownFileType = sourcecode.swift; path = WLDDLocationViewController.swift; sourceTree = "<group>"; };
		D5E4187B29A5BC470077C16C /* WLDDEpisodeViewController.swift */ = {isa = PBXFileReference; lastKnownFileType = sourcecode.swift; path = WLDDEpisodeViewController.swift; sourceTree = "<group>"; };
		D5E4188329A5C8CF0077C16C /* UIImageExtensions.swift */ = {isa = PBXFileReference; lastKnownFileType = sourcecode.swift; path = UIImageExtensions.swift; sourceTree = "<group>"; };
		D5E4188529A5CA5B0077C16C /* WLDDService.swift */ = {isa = PBXFileReference; lastKnownFileType = sourcecode.swift; path = WLDDService.swift; sourceTree = "<group>"; };
		D5E4188729A5CA6F0077C16C /* WLDDRequest.swift */ = {isa = PBXFileReference; lastKnownFileType = sourcecode.swift; path = WLDDRequest.swift; sourceTree = "<group>"; };
		D5E4188929A5CAEE0077C16C /* WLDDEndPoint.swift */ = {isa = PBXFileReference; lastKnownFileType = sourcecode.swift; path = WLDDEndPoint.swift; sourceTree = "<group>"; };
		D5E4188B29A5CD550077C16C /* WLDDOrigin.swift */ = {isa = PBXFileReference; lastKnownFileType = sourcecode.swift; path = WLDDOrigin.swift; sourceTree = "<group>"; };
		D5E4188D29A5CDE40077C16C /* WLDDSingleLocation.swift */ = {isa = PBXFileReference; lastKnownFileType = sourcecode.swift; path = WLDDSingleLocation.swift; sourceTree = "<group>"; };
		D5E4188F29A5CEE50077C16C /* WLDDCharacterGender.swift */ = {isa = PBXFileReference; lastKnownFileType = sourcecode.swift; path = WLDDCharacterGender.swift; sourceTree = "<group>"; };
		D5E4189129A5CEF40077C16C /* WLDDCharacterStatus.swift */ = {isa = PBXFileReference; lastKnownFileType = sourcecode.swift; path = WLDDCharacterStatus.swift; sourceTree = "<group>"; };
		D5E4189529A63D540077C16C /* WLDDGetCharactersResponse.swift */ = {isa = PBXFileReference; lastKnownFileType = sourcecode.swift; path = WLDDGetCharactersResponse.swift; sourceTree = "<group>"; };
		D5E4189729A641DF0077C16C /* WLDDCharacterListView.swift */ = {isa = PBXFileReference; lastKnownFileType = sourcecode.swift; path = WLDDCharacterListView.swift; sourceTree = "<group>"; };
		D5E4189929A6434B0077C16C /* WLDDCharacterListViewViewModel.swift */ = {isa = PBXFileReference; lastKnownFileType = sourcecode.swift; path = WLDDCharacterListViewViewModel.swift; sourceTree = "<group>"; };
		D5E4189B29A6B4160077C16C /* UIViewExtensions.swift */ = {isa = PBXFileReference; lastKnownFileType = sourcecode.swift; path = UIViewExtensions.swift; sourceTree = "<group>"; };
		D5E4189D29A6BAA60077C16C /* WLDDCharacterCollectionViewCell.swift */ = {isa = PBXFileReference; lastKnownFileType = sourcecode.swift; path = WLDDCharacterCollectionViewCell.swift; sourceTree = "<group>"; };
		D5E4189F29A6BBB60077C16C /* WLDDCharacterCollectionViewCellViewModel.swift */ = {isa = PBXFileReference; lastKnownFileType = sourcecode.swift; path = WLDDCharacterCollectionViewCellViewModel.swift; sourceTree = "<group>"; };
		D5E418A229A6F68D0077C16C /* WLDDCharacterDetailViewController.swift */ = {isa = PBXFileReference; lastKnownFileType = sourcecode.swift; path = WLDDCharacterDetailViewController.swift; sourceTree = "<group>"; };
		D5E418A429A6F6FA0077C16C /* WLDDCharacterDetailView.swift */ = {isa = PBXFileReference; lastKnownFileType = sourcecode.swift; path = WLDDCharacterDetailView.swift; sourceTree = "<group>"; };
		D5E418A629A6F74E0077C16C /* WLDDCharacterDetailViewModel.swift */ = {isa = PBXFileReference; lastKnownFileType = sourcecode.swift; path = WLDDCharacterDetailViewModel.swift; sourceTree = "<group>"; };
		D5E418A829A702E40077C16C /* WLDDFooterLoadingCollectionReusableView.swift */ = {isa = PBXFileReference; lastKnownFileType = sourcecode.swift; path = WLDDFooterLoadingCollectionReusableView.swift; sourceTree = "<group>"; };
		D5E418AA29A71E5B0077C16C /* WLDDImageLoader.swift */ = {isa = PBXFileReference; lastKnownFileType = sourcecode.swift; path = WLDDImageLoader.swift; sourceTree = "<group>"; };
		D5E418AF29A787B70077C16C /* WLDDCharacterPhotoCollectionViewCell.swift */ = {isa = PBXFileReference; lastKnownFileType = sourcecode.swift; path = WLDDCharacterPhotoCollectionViewCell.swift; sourceTree = "<group>"; };
		D5E418B129A787C40077C16C /* WLDDCharacterInfoCollectionViewCell.swift */ = {isa = PBXFileReference; lastKnownFileType = sourcecode.swift; path = WLDDCharacterInfoCollectionViewCell.swift; sourceTree = "<group>"; };
		D5E418B329A787D30077C16C /* WLDDCharacterEpisodesCollectionViewCell.swift */ = {isa = PBXFileReference; lastKnownFileType = sourcecode.swift; path = WLDDCharacterEpisodesCollectionViewCell.swift; sourceTree = "<group>"; };
		D5E418B629A788020077C16C /* WLDDCharacterInfoCollectionViewCellViewModel.swift */ = {isa = PBXFileReference; lastKnownFileType = sourcecode.swift; path = WLDDCharacterInfoCollectionViewCellViewModel.swift; sourceTree = "<group>"; };
		D5E418B829A788220077C16C /* WLDDCharacterPhotoCollectionViewCellViewModel.swift */ = {isa = PBXFileReference; lastKnownFileType = sourcecode.swift; path = WLDDCharacterPhotoCollectionViewCellViewModel.swift; sourceTree = "<group>"; };
		D5E418BA29A788300077C16C /* WLDDCharacterEpisodesCollectionViewCellViewModel.swift */ = {isa = PBXFileReference; lastKnownFileType = sourcecode.swift; path = WLDDCharacterEpisodesCollectionViewCellViewModel.swift; sourceTree = "<group>"; };
		D5E418BC29A84DB70077C16C /* WLDDEpisodeDetailViewController.swift */ = {isa = PBXFileReference; lastKnownFileType = sourcecode.swift; path = WLDDEpisodeDetailViewController.swift; sourceTree = "<group>"; };
		D5E418BE29A84F130077C16C /* WLDDAPICacheManager.swift */ = {isa = PBXFileReference; lastKnownFileType = sourcecode.swift; path = WLDDAPICacheManager.swift; sourceTree = "<group>"; };
		D5E418C029A868DD0077C16C /* WLDDEpisodeDetailViewViewModel.swift */ = {isa = PBXFileReference; lastKnownFileType = sourcecode.swift; path = WLDDEpisodeDetailViewViewModel.swift; sourceTree = "<group>"; };
		D5E418C229A869470077C16C /* WLDDEpisodeDetailView.swift */ = {isa = PBXFileReference; lastKnownFileType = sourcecode.swift; path = WLDDEpisodeDetailView.swift; sourceTree = "<group>"; };
		D5E418C529A86B490077C16C /* WLDDEpisodeListView.swift */ = {isa = PBXFileReference; lastKnownFileType = sourcecode.swift; path = WLDDEpisodeListView.swift; sourceTree = "<group>"; };
		D5E418C829A86B9E0077C16C /* WLDDEpisodeListViewViewModel.swift */ = {isa = PBXFileReference; lastKnownFileType = sourcecode.swift; path = WLDDEpisodeListViewViewModel.swift; sourceTree = "<group>"; };
		D5E418CA29A872AE0077C16C /* WLDDGetAllEpisodesResponse.swift */ = {isa = PBXFileReference; lastKnownFileType = sourcecode.swift; path = WLDDGetAllEpisodesResponse.swift; sourceTree = "<group>"; };
		D5E418CC29A897230077C16C /* WLDDSearchViewController.swift */ = {isa = PBXFileReference; lastKnownFileType = sourcecode.swift; path = WLDDSearchViewController.swift; sourceTree = "<group>"; };
/* End PBXFileReference section */

/* Begin PBXFrameworksBuildPhase section */
		D504757A29A5B4CE00906BBD /* Frameworks */ = {
			isa = PBXFrameworksBuildPhase;
			buildActionMask = 2147483647;
			files = (
			);
			runOnlyForDeploymentPostprocessing = 0;
		};
		D504759029A5B4D000906BBD /* Frameworks */ = {
			isa = PBXFrameworksBuildPhase;
			buildActionMask = 2147483647;
			files = (
			);
			runOnlyForDeploymentPostprocessing = 0;
		};
		D504759A29A5B4D000906BBD /* Frameworks */ = {
			isa = PBXFrameworksBuildPhase;
			buildActionMask = 2147483647;
			files = (
			);
			runOnlyForDeploymentPostprocessing = 0;
		};
/* End PBXFrameworksBuildPhase section */

/* Begin PBXGroup section */
		D504757429A5B4CE00906BBD = {
			isa = PBXGroup;
			children = (
				D504757F29A5B4CE00906BBD /* wubbalubbadubdub */,
				D504759629A5B4D000906BBD /* wubbalubbadubdubTests */,
				D50475A029A5B4D000906BBD /* wubbalubbadubdubUITests */,
				D504757E29A5B4CE00906BBD /* Products */,
			);
			sourceTree = "<group>";
		};
		D504757E29A5B4CE00906BBD /* Products */ = {
			isa = PBXGroup;
			children = (
				D504757D29A5B4CE00906BBD /* wubbalubbadubdub.app */,
				D504759329A5B4D000906BBD /* wubbalubbadubdubTests.xctest */,
				D504759D29A5B4D000906BBD /* wubbalubbadubdubUITests.xctest */,
			);
			name = Products;
			sourceTree = "<group>";
		};
		D504757F29A5B4CE00906BBD /* wubbalubbadubdub */ = {
			isa = PBXGroup;
			children = (
				D504758E29A5B4D000906BBD /* Info.plist */,
				D5E4186C29A5B8B30077C16C /* APIClient */,
				D5E4187F29A5C4350077C16C /* Assets */,
				D5E4186729A5B8860077C16C /* Controllers */,
				D5E4188229A5C8B70077C16C /* Extensions */,
				D5E4186B29A5B8AB0077C16C /* Managers */,
				D5E4186A29A5B8A60077C16C /* Models */,
				D5E4186D29A5B8BE0077C16C /* Resources */,
				D5E4186929A5B8A10077C16C /* ViewModels */,
				D5E4186829A5B89A0077C16C /* Views */,
			);
			path = wubbalubbadubdub;
			sourceTree = "<group>";
		};
		D504759629A5B4D000906BBD /* wubbalubbadubdubTests */ = {
			isa = PBXGroup;
			children = (
				D504759729A5B4D000906BBD /* wubbalubbadubdubTests.swift */,
			);
			path = wubbalubbadubdubTests;
			sourceTree = "<group>";
		};
		D50475A029A5B4D000906BBD /* wubbalubbadubdubUITests */ = {
			isa = PBXGroup;
			children = (
				D50475A129A5B4D000906BBD /* wubbalubbadubdubUITests.swift */,
				D50475A329A5B4D000906BBD /* wubbalubbadubdubUITestsLaunchTests.swift */,
			);
			path = wubbalubbadubdubUITests;
			sourceTree = "<group>";
		};
		D5E4186729A5B8860077C16C /* Controllers */ = {
			isa = PBXGroup;
			children = (
				D5E4187629A5BC070077C16C /* Core */,
				D5E418A129A6F6790077C16C /* Other */,
			);
			path = Controllers;
			sourceTree = "<group>";
		};
		D5E4186829A5B89A0077C16C /* Views */ = {
			isa = PBXGroup;
			children = (
				D5E418C229A869470077C16C /* WLDDEpisodeDetailView.swift */,
				D5E418A829A702E40077C16C /* WLDDFooterLoadingCollectionReusableView.swift */,
				D5E418AD29A73E4F0077C16C /* Character */,
				D5E418AE29A787630077C16C /* CharacterDetails */,
				D5E418C429A86B0E0077C16C /* Episode */,
			);
			path = Views;
			sourceTree = "<group>";
		};
		D5E4186929A5B8A10077C16C /* ViewModels */ = {
			isa = PBXGroup;
			children = (
				D5E418AC29A73E400077C16C /* Character */,
				D5E418B529A787D80077C16C /* CharacterDetails */,
				D5E418C729A86B8D0077C16C /* Episode */,
			);
			path = ViewModels;
			sourceTree = "<group>";
		};
		D5E4186A29A5B8A60077C16C /* Models */ = {
			isa = PBXGroup;
			children = (
				D5E4189429A63D330077C16C /* APIResponseTypes */,
				D5E4189329A63D270077C16C /* DataTypes */,
			);
			path = Models;
			sourceTree = "<group>";
		};
		D5E4186B29A5B8AB0077C16C /* Managers */ = {
			isa = PBXGroup;
			children = (
				D5E418AA29A71E5B0077C16C /* WLDDImageLoader.swift */,
				D5E418BE29A84F130077C16C /* WLDDAPICacheManager.swift */,
			);
			path = Managers;
			sourceTree = "<group>";
		};
		D5E4186C29A5B8B30077C16C /* APIClient */ = {
			isa = PBXGroup;
			children = (
				D5E4188929A5CAEE0077C16C /* WLDDEndPoint.swift */,
				D5E4188729A5CA6F0077C16C /* WLDDRequest.swift */,
				D5E4188529A5CA5B0077C16C /* WLDDService.swift */,
			);
			path = APIClient;
			sourceTree = "<group>";
		};
		D5E4186D29A5B8BE0077C16C /* Resources */ = {
			isa = PBXGroup;
			children = (
				D504758029A5B4CE00906BBD /* AppDelegate.swift */,
				D504758229A5B4CE00906BBD /* SceneDelegate.swift */,
				D5E4186E29A5BAF50077C16C /* LaunchScreen.storyboard */,
			);
			path = Resources;
			sourceTree = "<group>";
		};
		D5E4187629A5BC070077C16C /* Core */ = {
			isa = PBXGroup;
			children = (
				D5E4187729A5BC260077C16C /* WLDDCharacterViewController.swift */,
				D5E4187B29A5BC470077C16C /* WLDDEpisodeViewController.swift */,
				D5E4187929A5BC340077C16C /* WLDDLocationViewController.swift */,
				D504758429A5B4CE00906BBD /* WLDDTabViewController.swift */,
			);
			path = Core;
			sourceTree = "<group>";
		};
		D5E4187F29A5C4350077C16C /* Assets */ = {
			isa = PBXGroup;
			children = (
				D504758929A5B4D000906BBD /* Assets.xcassets */,
			);
			path = Assets;
			sourceTree = "<group>";
		};
		D5E4188229A5C8B70077C16C /* Extensions */ = {
			isa = PBXGroup;
			children = (
				D5E4188329A5C8CF0077C16C /* UIImageExtensions.swift */,
				D5E4189B29A6B4160077C16C /* UIViewExtensions.swift */,
			);
			path = Extensions;
			sourceTree = "<group>";
		};
		D5E4189329A63D270077C16C /* DataTypes */ = {
			isa = PBXGroup;
			children = (
				D5E4187229A5BB850077C16C /* WLDDCharacter.swift */,
				D5E4187429A5BB8F0077C16C /* WLDDEpisode.swift */,
				D5E4187029A5BB7A0077C16C /* WLDDLocation.swift */,
				D5E4188B29A5CD550077C16C /* WLDDOrigin.swift */,
				D5E4188D29A5CDE40077C16C /* WLDDSingleLocation.swift */,
				D5E4188F29A5CEE50077C16C /* WLDDCharacterGender.swift */,
				D5E4189129A5CEF40077C16C /* WLDDCharacterStatus.swift */,
			);
			path = DataTypes;
			sourceTree = "<group>";
		};
		D5E4189429A63D330077C16C /* APIResponseTypes */ = {
			isa = PBXGroup;
			children = (
				D5E4189529A63D540077C16C /* WLDDGetCharactersResponse.swift */,
				D5E418CA29A872AE0077C16C /* WLDDGetAllEpisodesResponse.swift */,
			);
			path = APIResponseTypes;
			sourceTree = "<group>";
		};
		D5E418A129A6F6790077C16C /* Other */ = {
			isa = PBXGroup;
			children = (
				D5E418A229A6F68D0077C16C /* WLDDCharacterDetailViewController.swift */,
				D5E418BC29A84DB70077C16C /* WLDDEpisodeDetailViewController.swift */,
				D5E418CC29A897230077C16C /* WLDDSearchViewController.swift */,
			);
			path = Other;
			sourceTree = "<group>";
		};
		D5E418AC29A73E400077C16C /* Character */ = {
			isa = PBXGroup;
			children = (
				D5E4189F29A6BBB60077C16C /* WLDDCharacterCollectionViewCellViewModel.swift */,
				D5E4189929A6434B0077C16C /* WLDDCharacterListViewViewModel.swift */,
			);
			path = Character;
			sourceTree = "<group>";
		};
		D5E418AD29A73E4F0077C16C /* Character */ = {
			isa = PBXGroup;
			children = (
				D5E4189D29A6BAA60077C16C /* WLDDCharacterCollectionViewCell.swift */,
				D5E4189729A641DF0077C16C /* WLDDCharacterListView.swift */,
			);
			path = Character;
			sourceTree = "<group>";
		};
		D5E418AE29A787630077C16C /* CharacterDetails */ = {
			isa = PBXGroup;
			children = (
				D5E418A429A6F6FA0077C16C /* WLDDCharacterDetailView.swift */,
				D5E418B329A787D30077C16C /* WLDDCharacterEpisodesCollectionViewCell.swift */,
				D5E418B129A787C40077C16C /* WLDDCharacterInfoCollectionViewCell.swift */,
				D5E418AF29A787B70077C16C /* WLDDCharacterPhotoCollectionViewCell.swift */,
			);
			path = CharacterDetails;
			sourceTree = "<group>";
		};
		D5E418B529A787D80077C16C /* CharacterDetails */ = {
			isa = PBXGroup;
			children = (
				D5E418A629A6F74E0077C16C /* WLDDCharacterDetailViewModel.swift */,
				D5E418BA29A788300077C16C /* WLDDCharacterEpisodesCollectionViewCellViewModel.swift */,
				D5E418B629A788020077C16C /* WLDDCharacterInfoCollectionViewCellViewModel.swift */,
				D5E418B829A788220077C16C /* WLDDCharacterPhotoCollectionViewCellViewModel.swift */,
			);
			path = CharacterDetails;
			sourceTree = "<group>";
		};
		D5E418C429A86B0E0077C16C /* Episode */ = {
			isa = PBXGroup;
			children = (
				D5E418C529A86B490077C16C /* WLDDEpisodeListView.swift */,
			);
			path = Episode;
			sourceTree = "<group>";
		};
		D5E418C729A86B8D0077C16C /* Episode */ = {
			isa = PBXGroup;
			children = (
				D5E418C029A868DD0077C16C /* WLDDEpisodeDetailViewViewModel.swift */,
				D5E418C829A86B9E0077C16C /* WLDDEpisodeListViewViewModel.swift */,
			);
			path = Episode;
			sourceTree = "<group>";
		};
/* End PBXGroup section */

/* Begin PBXNativeTarget section */
		D504757C29A5B4CE00906BBD /* wubbalubbadubdub */ = {
			isa = PBXNativeTarget;
			buildConfigurationList = D50475A729A5B4D000906BBD /* Build configuration list for PBXNativeTarget "wubbalubbadubdub" */;
			buildPhases = (
				D504757929A5B4CE00906BBD /* Sources */,
				D504757A29A5B4CE00906BBD /* Frameworks */,
				D504757B29A5B4CE00906BBD /* Resources */,
			);
			buildRules = (
			);
			dependencies = (
			);
			name = wubbalubbadubdub;
			productName = wubbalubbadubdub;
			productReference = D504757D29A5B4CE00906BBD /* wubbalubbadubdub.app */;
			productType = "com.apple.product-type.application";
		};
		D504759229A5B4D000906BBD /* wubbalubbadubdubTests */ = {
			isa = PBXNativeTarget;
			buildConfigurationList = D50475AA29A5B4D000906BBD /* Build configuration list for PBXNativeTarget "wubbalubbadubdubTests" */;
			buildPhases = (
				D504758F29A5B4D000906BBD /* Sources */,
				D504759029A5B4D000906BBD /* Frameworks */,
				D504759129A5B4D000906BBD /* Resources */,
			);
			buildRules = (
			);
			dependencies = (
				D504759529A5B4D000906BBD /* PBXTargetDependency */,
			);
			name = wubbalubbadubdubTests;
			productName = wubbalubbadubdubTests;
			productReference = D504759329A5B4D000906BBD /* wubbalubbadubdubTests.xctest */;
			productType = "com.apple.product-type.bundle.unit-test";
		};
		D504759C29A5B4D000906BBD /* wubbalubbadubdubUITests */ = {
			isa = PBXNativeTarget;
			buildConfigurationList = D50475AD29A5B4D000906BBD /* Build configuration list for PBXNativeTarget "wubbalubbadubdubUITests" */;
			buildPhases = (
				D504759929A5B4D000906BBD /* Sources */,
				D504759A29A5B4D000906BBD /* Frameworks */,
				D504759B29A5B4D000906BBD /* Resources */,
			);
			buildRules = (
			);
			dependencies = (
				D504759F29A5B4D000906BBD /* PBXTargetDependency */,
			);
			name = wubbalubbadubdubUITests;
			productName = wubbalubbadubdubUITests;
			productReference = D504759D29A5B4D000906BBD /* wubbalubbadubdubUITests.xctest */;
			productType = "com.apple.product-type.bundle.ui-testing";
		};
/* End PBXNativeTarget section */

/* Begin PBXProject section */
		D504757529A5B4CE00906BBD /* Project object */ = {
			isa = PBXProject;
			attributes = {
				BuildIndependentTargetsInParallel = 1;
				LastSwiftUpdateCheck = 1420;
				LastUpgradeCheck = 1420;
				TargetAttributes = {
					D504757C29A5B4CE00906BBD = {
						CreatedOnToolsVersion = 14.2;
					};
					D504759229A5B4D000906BBD = {
						CreatedOnToolsVersion = 14.2;
						TestTargetID = D504757C29A5B4CE00906BBD;
					};
					D504759C29A5B4D000906BBD = {
						CreatedOnToolsVersion = 14.2;
						TestTargetID = D504757C29A5B4CE00906BBD;
					};
				};
			};
			buildConfigurationList = D504757829A5B4CE00906BBD /* Build configuration list for PBXProject "wubbalubbadubdub" */;
			compatibilityVersion = "Xcode 14.0";
			developmentRegion = en;
			hasScannedForEncodings = 0;
			knownRegions = (
				en,
				Base,
			);
			mainGroup = D504757429A5B4CE00906BBD;
			productRefGroup = D504757E29A5B4CE00906BBD /* Products */;
			projectDirPath = "";
			projectRoot = "";
			targets = (
				D504757C29A5B4CE00906BBD /* wubbalubbadubdub */,
				D504759229A5B4D000906BBD /* wubbalubbadubdubTests */,
				D504759C29A5B4D000906BBD /* wubbalubbadubdubUITests */,
			);
		};
/* End PBXProject section */

/* Begin PBXResourcesBuildPhase section */
		D504757B29A5B4CE00906BBD /* Resources */ = {
			isa = PBXResourcesBuildPhase;
			buildActionMask = 2147483647;
			files = (
				D504758A29A5B4D000906BBD /* Assets.xcassets in Resources */,
				D5E4186F29A5BAF50077C16C /* LaunchScreen.storyboard in Resources */,
			);
			runOnlyForDeploymentPostprocessing = 0;
		};
		D504759129A5B4D000906BBD /* Resources */ = {
			isa = PBXResourcesBuildPhase;
			buildActionMask = 2147483647;
			files = (
			);
			runOnlyForDeploymentPostprocessing = 0;
		};
		D504759B29A5B4D000906BBD /* Resources */ = {
			isa = PBXResourcesBuildPhase;
			buildActionMask = 2147483647;
			files = (
			);
			runOnlyForDeploymentPostprocessing = 0;
		};
/* End PBXResourcesBuildPhase section */

/* Begin PBXSourcesBuildPhase section */
		D504757929A5B4CE00906BBD /* Sources */ = {
			isa = PBXSourcesBuildPhase;
			buildActionMask = 2147483647;
			files = (
				D5E4188629A5CA5B0077C16C /* WLDDService.swift in Sources */,
				D504758529A5B4CE00906BBD /* WLDDTabViewController.swift in Sources */,
				D5E418A929A702E40077C16C /* WLDDFooterLoadingCollectionReusableView.swift in Sources */,
				D5E418B929A788220077C16C /* WLDDCharacterPhotoCollectionViewCellViewModel.swift in Sources */,
				D5E4188429A5C8CF0077C16C /* UIImageExtensions.swift in Sources */,
				D5E418B729A788020077C16C /* WLDDCharacterInfoCollectionViewCellViewModel.swift in Sources */,
				D5E4189E29A6BAA60077C16C /* WLDDCharacterCollectionViewCell.swift in Sources */,
				D5E418A329A6F68D0077C16C /* WLDDCharacterDetailViewController.swift in Sources */,
				D5E418C329A869470077C16C /* WLDDEpisodeDetailView.swift in Sources */,
				D5E418C129A868DD0077C16C /* WLDDEpisodeDetailViewViewModel.swift in Sources */,
				D5E4188A29A5CAEE0077C16C /* WLDDEndPoint.swift in Sources */,
				D5E4187129A5BB7A0077C16C /* WLDDLocation.swift in Sources */,
				D5E4187829A5BC260077C16C /* WLDDCharacterViewController.swift in Sources */,
				D5E418B029A787B70077C16C /* WLDDCharacterPhotoCollectionViewCell.swift in Sources */,
				D504758129A5B4CE00906BBD /* AppDelegate.swift in Sources */,
				D5E4187C29A5BC470077C16C /* WLDDEpisodeViewController.swift in Sources */,
				D5E418A729A6F74E0077C16C /* WLDDCharacterDetailViewModel.swift in Sources */,
				D5E4189229A5CEF40077C16C /* WLDDCharacterStatus.swift in Sources */,
				D5E4188C29A5CD550077C16C /* WLDDOrigin.swift in Sources */,
				D5E418B229A787C40077C16C /* WLDDCharacterInfoCollectionViewCell.swift in Sources */,
				D5E418C629A86B490077C16C /* WLDDEpisodeListView.swift in Sources */,
				D5E418CB29A872AE0077C16C /* WLDDGetAllEpisodesResponse.swift in Sources */,
				D5E418AB29A71E5B0077C16C /* WLDDImageLoader.swift in Sources */,
				D5E4189029A5CEE50077C16C /* WLDDCharacterGender.swift in Sources */,
				D5E418BF29A84F130077C16C /* WLDDAPICacheManager.swift in Sources */,
				D5E418BB29A788300077C16C /* WLDDCharacterEpisodesCollectionViewCellViewModel.swift in Sources */,
				D5E418A529A6F6FA0077C16C /* WLDDCharacterDetailView.swift in Sources */,
				D5E4188E29A5CDE40077C16C /* WLDDSingleLocation.swift in Sources */,
				D5E4187A29A5BC340077C16C /* WLDDLocationViewController.swift in Sources */,
				D5E418CD29A897230077C16C /* WLDDSearchViewController.swift in Sources */,
				D5E4189C29A6B4160077C16C /* UIViewExtensions.swift in Sources */,
				D5E418C929A86B9E0077C16C /* WLDDEpisodeListViewViewModel.swift in Sources */,
				D504758329A5B4CE00906BBD /* SceneDelegate.swift in Sources */,
				D5E418B429A787D30077C16C /* WLDDCharacterEpisodesCollectionViewCell.swift in Sources */,
				D5E4187529A5BB8F0077C16C /* WLDDEpisode.swift in Sources */,
				D5E418BD29A84DB70077C16C /* WLDDEpisodeDetailViewController.swift in Sources */,
				D5E4188829A5CA6F0077C16C /* WLDDRequest.swift in Sources */,
				D5E4187329A5BB850077C16C /* WLDDCharacter.swift in Sources */,
				D5E4189629A63D540077C16C /* WLDDGetCharactersResponse.swift in Sources */,
				D5E4189A29A6434B0077C16C /* WLDDCharacterListViewViewModel.swift in Sources */,
				D5E4189829A641DF0077C16C /* WLDDCharacterListView.swift in Sources */,
				D5E418A029A6BBB60077C16C /* WLDDCharacterCollectionViewCellViewModel.swift in Sources */,
			);
			runOnlyForDeploymentPostprocessing = 0;
		};
		D504758F29A5B4D000906BBD /* Sources */ = {
			isa = PBXSourcesBuildPhase;
			buildActionMask = 2147483647;
			files = (
				D504759829A5B4D000906BBD /* wubbalubbadubdubTests.swift in Sources */,
			);
			runOnlyForDeploymentPostprocessing = 0;
		};
		D504759929A5B4D000906BBD /* Sources */ = {
			isa = PBXSourcesBuildPhase;
			buildActionMask = 2147483647;
			files = (
				D50475A229A5B4D000906BBD /* wubbalubbadubdubUITests.swift in Sources */,
				D50475A429A5B4D000906BBD /* wubbalubbadubdubUITestsLaunchTests.swift in Sources */,
			);
			runOnlyForDeploymentPostprocessing = 0;
		};
/* End PBXSourcesBuildPhase section */

/* Begin PBXTargetDependency section */
		D504759529A5B4D000906BBD /* PBXTargetDependency */ = {
			isa = PBXTargetDependency;
			target = D504757C29A5B4CE00906BBD /* wubbalubbadubdub */;
			targetProxy = D504759429A5B4D000906BBD /* PBXContainerItemProxy */;
		};
		D504759F29A5B4D000906BBD /* PBXTargetDependency */ = {
			isa = PBXTargetDependency;
			target = D504757C29A5B4CE00906BBD /* wubbalubbadubdub */;
			targetProxy = D504759E29A5B4D000906BBD /* PBXContainerItemProxy */;
		};
/* End PBXTargetDependency section */

/* Begin XCBuildConfiguration section */
		D50475A529A5B4D000906BBD /* Debug */ = {
			isa = XCBuildConfiguration;
			buildSettings = {
				ALWAYS_SEARCH_USER_PATHS = NO;
				CLANG_ANALYZER_NONNULL = YES;
				CLANG_ANALYZER_NUMBER_OBJECT_CONVERSION = YES_AGGRESSIVE;
				CLANG_CXX_LANGUAGE_STANDARD = "gnu++20";
				CLANG_ENABLE_MODULES = YES;
				CLANG_ENABLE_OBJC_ARC = YES;
				CLANG_ENABLE_OBJC_WEAK = YES;
				CLANG_WARN_BLOCK_CAPTURE_AUTORELEASING = YES;
				CLANG_WARN_BOOL_CONVERSION = YES;
				CLANG_WARN_COMMA = YES;
				CLANG_WARN_CONSTANT_CONVERSION = YES;
				CLANG_WARN_DEPRECATED_OBJC_IMPLEMENTATIONS = YES;
				CLANG_WARN_DIRECT_OBJC_ISA_USAGE = YES_ERROR;
				CLANG_WARN_DOCUMENTATION_COMMENTS = YES;
				CLANG_WARN_EMPTY_BODY = YES;
				CLANG_WARN_ENUM_CONVERSION = YES;
				CLANG_WARN_INFINITE_RECURSION = YES;
				CLANG_WARN_INT_CONVERSION = YES;
				CLANG_WARN_NON_LITERAL_NULL_CONVERSION = YES;
				CLANG_WARN_OBJC_IMPLICIT_RETAIN_SELF = YES;
				CLANG_WARN_OBJC_LITERAL_CONVERSION = YES;
				CLANG_WARN_OBJC_ROOT_CLASS = YES_ERROR;
				CLANG_WARN_QUOTED_INCLUDE_IN_FRAMEWORK_HEADER = YES;
				CLANG_WARN_RANGE_LOOP_ANALYSIS = YES;
				CLANG_WARN_STRICT_PROTOTYPES = YES;
				CLANG_WARN_SUSPICIOUS_MOVE = YES;
				CLANG_WARN_UNGUARDED_AVAILABILITY = YES_AGGRESSIVE;
				CLANG_WARN_UNREACHABLE_CODE = YES;
				CLANG_WARN__DUPLICATE_METHOD_MATCH = YES;
				COPY_PHASE_STRIP = NO;
				DEBUG_INFORMATION_FORMAT = dwarf;
				ENABLE_STRICT_OBJC_MSGSEND = YES;
				ENABLE_TESTABILITY = YES;
				GCC_C_LANGUAGE_STANDARD = gnu11;
				GCC_DYNAMIC_NO_PIC = NO;
				GCC_NO_COMMON_BLOCKS = YES;
				GCC_OPTIMIZATION_LEVEL = 0;
				GCC_PREPROCESSOR_DEFINITIONS = (
					"DEBUG=1",
					"$(inherited)",
				);
				GCC_WARN_64_TO_32_BIT_CONVERSION = YES;
				GCC_WARN_ABOUT_RETURN_TYPE = YES_ERROR;
				GCC_WARN_UNDECLARED_SELECTOR = YES;
				GCC_WARN_UNINITIALIZED_AUTOS = YES_AGGRESSIVE;
				GCC_WARN_UNUSED_FUNCTION = YES;
				GCC_WARN_UNUSED_VARIABLE = YES;
				IPHONEOS_DEPLOYMENT_TARGET = 16.2;
				MTL_ENABLE_DEBUG_INFO = INCLUDE_SOURCE;
				MTL_FAST_MATH = YES;
				ONLY_ACTIVE_ARCH = YES;
				SDKROOT = iphoneos;
				SWIFT_ACTIVE_COMPILATION_CONDITIONS = DEBUG;
				SWIFT_OPTIMIZATION_LEVEL = "-Onone";
			};
			name = Debug;
		};
		D50475A629A5B4D000906BBD /* Release */ = {
			isa = XCBuildConfiguration;
			buildSettings = {
				ALWAYS_SEARCH_USER_PATHS = NO;
				CLANG_ANALYZER_NONNULL = YES;
				CLANG_ANALYZER_NUMBER_OBJECT_CONVERSION = YES_AGGRESSIVE;
				CLANG_CXX_LANGUAGE_STANDARD = "gnu++20";
				CLANG_ENABLE_MODULES = YES;
				CLANG_ENABLE_OBJC_ARC = YES;
				CLANG_ENABLE_OBJC_WEAK = YES;
				CLANG_WARN_BLOCK_CAPTURE_AUTORELEASING = YES;
				CLANG_WARN_BOOL_CONVERSION = YES;
				CLANG_WARN_COMMA = YES;
				CLANG_WARN_CONSTANT_CONVERSION = YES;
				CLANG_WARN_DEPRECATED_OBJC_IMPLEMENTATIONS = YES;
				CLANG_WARN_DIRECT_OBJC_ISA_USAGE = YES_ERROR;
				CLANG_WARN_DOCUMENTATION_COMMENTS = YES;
				CLANG_WARN_EMPTY_BODY = YES;
				CLANG_WARN_ENUM_CONVERSION = YES;
				CLANG_WARN_INFINITE_RECURSION = YES;
				CLANG_WARN_INT_CONVERSION = YES;
				CLANG_WARN_NON_LITERAL_NULL_CONVERSION = YES;
				CLANG_WARN_OBJC_IMPLICIT_RETAIN_SELF = YES;
				CLANG_WARN_OBJC_LITERAL_CONVERSION = YES;
				CLANG_WARN_OBJC_ROOT_CLASS = YES_ERROR;
				CLANG_WARN_QUOTED_INCLUDE_IN_FRAMEWORK_HEADER = YES;
				CLANG_WARN_RANGE_LOOP_ANALYSIS = YES;
				CLANG_WARN_STRICT_PROTOTYPES = YES;
				CLANG_WARN_SUSPICIOUS_MOVE = YES;
				CLANG_WARN_UNGUARDED_AVAILABILITY = YES_AGGRESSIVE;
				CLANG_WARN_UNREACHABLE_CODE = YES;
				CLANG_WARN__DUPLICATE_METHOD_MATCH = YES;
				COPY_PHASE_STRIP = NO;
				DEBUG_INFORMATION_FORMAT = "dwarf-with-dsym";
				ENABLE_NS_ASSERTIONS = NO;
				ENABLE_STRICT_OBJC_MSGSEND = YES;
				GCC_C_LANGUAGE_STANDARD = gnu11;
				GCC_NO_COMMON_BLOCKS = YES;
				GCC_WARN_64_TO_32_BIT_CONVERSION = YES;
				GCC_WARN_ABOUT_RETURN_TYPE = YES_ERROR;
				GCC_WARN_UNDECLARED_SELECTOR = YES;
				GCC_WARN_UNINITIALIZED_AUTOS = YES_AGGRESSIVE;
				GCC_WARN_UNUSED_FUNCTION = YES;
				GCC_WARN_UNUSED_VARIABLE = YES;
				IPHONEOS_DEPLOYMENT_TARGET = 16.2;
				MTL_ENABLE_DEBUG_INFO = NO;
				MTL_FAST_MATH = YES;
				SDKROOT = iphoneos;
				SWIFT_COMPILATION_MODE = wholemodule;
				SWIFT_OPTIMIZATION_LEVEL = "-O";
				VALIDATE_PRODUCT = YES;
			};
			name = Release;
		};
		D50475A829A5B4D000906BBD /* Debug */ = {
			isa = XCBuildConfiguration;
			buildSettings = {
				ASSETCATALOG_COMPILER_APPICON_NAME = AppIcon;
				ASSETCATALOG_COMPILER_GLOBAL_ACCENT_COLOR_NAME = AccentColor;
				CODE_SIGN_STYLE = Automatic;
				CURRENT_PROJECT_VERSION = 1;
				DEVELOPMENT_TEAM = 65GSHJ8762;
				GENERATE_INFOPLIST_FILE = YES;
				INFOPLIST_FILE = wubbalubbadubdub/Info.plist;
				INFOPLIST_KEY_UIApplicationSupportsIndirectInputEvents = YES;
				INFOPLIST_KEY_UILaunchStoryboardName = LaunchScreen;
				INFOPLIST_KEY_UISupportedInterfaceOrientations_iPad = "UIInterfaceOrientationPortrait UIInterfaceOrientationPortraitUpsideDown UIInterfaceOrientationLandscapeLeft UIInterfaceOrientationLandscapeRight";
				INFOPLIST_KEY_UISupportedInterfaceOrientations_iPhone = "UIInterfaceOrientationPortrait UIInterfaceOrientationLandscapeLeft UIInterfaceOrientationLandscapeRight";
				LD_RUNPATH_SEARCH_PATHS = (
					"$(inherited)",
					"@executable_path/Frameworks",
				);
				MARKETING_VERSION = 1.0;
				PRODUCT_BUNDLE_IDENTIFIER = agni.wubbalubbadubdub;
				PRODUCT_NAME = "$(TARGET_NAME)";
				SWIFT_EMIT_LOC_STRINGS = YES;
				SWIFT_VERSION = 5.0;
				TARGETED_DEVICE_FAMILY = "1,2";
			};
			name = Debug;
		};
		D50475A929A5B4D000906BBD /* Release */ = {
			isa = XCBuildConfiguration;
			buildSettings = {
				ASSETCATALOG_COMPILER_APPICON_NAME = AppIcon;
				ASSETCATALOG_COMPILER_GLOBAL_ACCENT_COLOR_NAME = AccentColor;
				CODE_SIGN_STYLE = Automatic;
				CURRENT_PROJECT_VERSION = 1;
				DEVELOPMENT_TEAM = 65GSHJ8762;
				GENERATE_INFOPLIST_FILE = YES;
				INFOPLIST_FILE = wubbalubbadubdub/Info.plist;
				INFOPLIST_KEY_UIApplicationSupportsIndirectInputEvents = YES;
				INFOPLIST_KEY_UILaunchStoryboardName = LaunchScreen;
				INFOPLIST_KEY_UISupportedInterfaceOrientations_iPad = "UIInterfaceOrientationPortrait UIInterfaceOrientationPortraitUpsideDown UIInterfaceOrientationLandscapeLeft UIInterfaceOrientationLandscapeRight";
				INFOPLIST_KEY_UISupportedInterfaceOrientations_iPhone = "UIInterfaceOrientationPortrait UIInterfaceOrientationLandscapeLeft UIInterfaceOrientationLandscapeRight";
				LD_RUNPATH_SEARCH_PATHS = (
					"$(inherited)",
					"@executable_path/Frameworks",
				);
				MARKETING_VERSION = 1.0;
				PRODUCT_BUNDLE_IDENTIFIER = agni.wubbalubbadubdub;
				PRODUCT_NAME = "$(TARGET_NAME)";
				SWIFT_EMIT_LOC_STRINGS = YES;
				SWIFT_VERSION = 5.0;
				TARGETED_DEVICE_FAMILY = "1,2";
			};
			name = Release;
		};
		D50475AB29A5B4D000906BBD /* Debug */ = {
			isa = XCBuildConfiguration;
			buildSettings = {
				ALWAYS_EMBED_SWIFT_STANDARD_LIBRARIES = YES;
				BUNDLE_LOADER = "$(TEST_HOST)";
				CODE_SIGN_STYLE = Automatic;
				CURRENT_PROJECT_VERSION = 1;
				DEVELOPMENT_TEAM = 65GSHJ8762;
				GENERATE_INFOPLIST_FILE = YES;
				IPHONEOS_DEPLOYMENT_TARGET = 16.2;
				MARKETING_VERSION = 1.0;
				PRODUCT_BUNDLE_IDENTIFIER = agni.wubbalubbadubdubTests;
				PRODUCT_NAME = "$(TARGET_NAME)";
				SWIFT_EMIT_LOC_STRINGS = NO;
				SWIFT_VERSION = 5.0;
				TARGETED_DEVICE_FAMILY = "1,2";
				TEST_HOST = "$(BUILT_PRODUCTS_DIR)/wubbalubbadubdub.app/$(BUNDLE_EXECUTABLE_FOLDER_PATH)/wubbalubbadubdub";
			};
			name = Debug;
		};
		D50475AC29A5B4D000906BBD /* Release */ = {
			isa = XCBuildConfiguration;
			buildSettings = {
				ALWAYS_EMBED_SWIFT_STANDARD_LIBRARIES = YES;
				BUNDLE_LOADER = "$(TEST_HOST)";
				CODE_SIGN_STYLE = Automatic;
				CURRENT_PROJECT_VERSION = 1;
				DEVELOPMENT_TEAM = 65GSHJ8762;
				GENERATE_INFOPLIST_FILE = YES;
				IPHONEOS_DEPLOYMENT_TARGET = 16.2;
				MARKETING_VERSION = 1.0;
				PRODUCT_BUNDLE_IDENTIFIER = agni.wubbalubbadubdubTests;
				PRODUCT_NAME = "$(TARGET_NAME)";
				SWIFT_EMIT_LOC_STRINGS = NO;
				SWIFT_VERSION = 5.0;
				TARGETED_DEVICE_FAMILY = "1,2";
				TEST_HOST = "$(BUILT_PRODUCTS_DIR)/wubbalubbadubdub.app/$(BUNDLE_EXECUTABLE_FOLDER_PATH)/wubbalubbadubdub";
			};
			name = Release;
		};
		D50475AE29A5B4D000906BBD /* Debug */ = {
			isa = XCBuildConfiguration;
			buildSettings = {
				ALWAYS_EMBED_SWIFT_STANDARD_LIBRARIES = YES;
				CODE_SIGN_STYLE = Automatic;
				CURRENT_PROJECT_VERSION = 1;
				DEVELOPMENT_TEAM = 65GSHJ8762;
				GENERATE_INFOPLIST_FILE = YES;
				MARKETING_VERSION = 1.0;
				PRODUCT_BUNDLE_IDENTIFIER = agni.wubbalubbadubdubUITests;
				PRODUCT_NAME = "$(TARGET_NAME)";
				SWIFT_EMIT_LOC_STRINGS = NO;
				SWIFT_VERSION = 5.0;
				TARGETED_DEVICE_FAMILY = "1,2";
				TEST_TARGET_NAME = wubbalubbadubdub;
			};
			name = Debug;
		};
		D50475AF29A5B4D000906BBD /* Release */ = {
			isa = XCBuildConfiguration;
			buildSettings = {
				ALWAYS_EMBED_SWIFT_STANDARD_LIBRARIES = YES;
				CODE_SIGN_STYLE = Automatic;
				CURRENT_PROJECT_VERSION = 1;
				DEVELOPMENT_TEAM = 65GSHJ8762;
				GENERATE_INFOPLIST_FILE = YES;
				MARKETING_VERSION = 1.0;
				PRODUCT_BUNDLE_IDENTIFIER = agni.wubbalubbadubdubUITests;
				PRODUCT_NAME = "$(TARGET_NAME)";
				SWIFT_EMIT_LOC_STRINGS = NO;
				SWIFT_VERSION = 5.0;
				TARGETED_DEVICE_FAMILY = "1,2";
				TEST_TARGET_NAME = wubbalubbadubdub;
			};
			name = Release;
		};
/* End XCBuildConfiguration section */

/* Begin XCConfigurationList section */
		D504757829A5B4CE00906BBD /* Build configuration list for PBXProject "wubbalubbadubdub" */ = {
			isa = XCConfigurationList;
			buildConfigurations = (
				D50475A529A5B4D000906BBD /* Debug */,
				D50475A629A5B4D000906BBD /* Release */,
			);
			defaultConfigurationIsVisible = 0;
			defaultConfigurationName = Release;
		};
		D50475A729A5B4D000906BBD /* Build configuration list for PBXNativeTarget "wubbalubbadubdub" */ = {
			isa = XCConfigurationList;
			buildConfigurations = (
				D50475A829A5B4D000906BBD /* Debug */,
				D50475A929A5B4D000906BBD /* Release */,
			);
			defaultConfigurationIsVisible = 0;
			defaultConfigurationName = Release;
		};
		D50475AA29A5B4D000906BBD /* Build configuration list for PBXNativeTarget "wubbalubbadubdubTests" */ = {
			isa = XCConfigurationList;
			buildConfigurations = (
				D50475AB29A5B4D000906BBD /* Debug */,
				D50475AC29A5B4D000906BBD /* Release */,
			);
			defaultConfigurationIsVisible = 0;
			defaultConfigurationName = Release;
		};
		D50475AD29A5B4D000906BBD /* Build configuration list for PBXNativeTarget "wubbalubbadubdubUITests" */ = {
			isa = XCConfigurationList;
			buildConfigurations = (
				D50475AE29A5B4D000906BBD /* Debug */,
				D50475AF29A5B4D000906BBD /* Release */,
			);
			defaultConfigurationIsVisible = 0;
			defaultConfigurationName = Release;
		};
/* End XCConfigurationList section */
	};
	rootObject = D504757529A5B4CE00906BBD /* Project object */;
}
